
Microsoft Visual Studio Solution File, Format Version 12.00
# Visual Studio Version 17
VisualStudioVersion = 17.8.34511.84
MinimumVisualStudioVersion = 10.0.40219.1
Project("{FAE04EC0-301F-11D3-BF4B-00C04F79EFBC}") = "E2E.Employee.API", "E2E.Employee.API\E2E.Employee.API.csproj", "{4BE445D7-1B76-4078-9232-35B66AB33F0C}"
EndProject
Project("{FAE04EC0-301F-11D3-BF4B-00C04F79EFBC}") = "E2E.Employee.Application", "E2E.Employee.Application\E2E.Employee.Application.csproj", "{48D766BB-AD83-4542-A9FC-C78A65F0A06B}"
EndProject
Project("{FAE04EC0-301F-11D3-BF4B-00C04F79EFBC}") = "E2E.Employee.Domain", "E2E.Employee.Domain\E2E.Employee.Domain.csproj", "{0CCFC5C2-F797-4938-BEA4-4A7B09BBED8B}"
EndProject
Global
	GlobalSection(SolutionConfigurationPlatforms) = preSolution
		Debug|Any CPU = Debug|Any CPU
		Release|Any CPU = Release|Any CPU
	EndGlobalSection
	GlobalSection(ProjectConfigurationPlatforms) = postSolution
		{4BE445D7-1B76-4078-9232-35B66AB33F0C}.Debug|Any CPU.ActiveCfg = Debug|Any CPU
		{4BE445D7-1B76-4078-9232-35B66AB33F0C}.Debug|Any CPU.Build.0 = Debug|Any CPU
		{4BE445D7-1B76-4078-9232-35B66AB33F0C}.Release|Any CPU.ActiveCfg = Release|Any CPU
		{4BE445D7-1B76-4078-9232-35B66AB33F0C}.Release|Any CPU.Build.0 = Release|Any CPU
		{48D766BB-AD83-4542-A9FC-C78A65F0A06B}.Debug|Any CPU.ActiveCfg = Debug|Any CPU
		{48D766BB-AD83-4542-A9FC-C78A65F0A06B}.Debug|Any CPU.Build.0 = Debug|Any CPU
		{48D766BB-AD83-4542-A9FC-C78A65F0A06B}.Release|Any CPU.ActiveCfg = Release|Any CPU
		{48D766BB-AD83-4542-A9FC-C78A65F0A06B}.Release|Any CPU.Build.0 = Release|Any CPU
		{0CCFC5C2-F797-4938-BEA4-4A7B09BBED8B}.Debug|Any CPU.ActiveCfg = Debug|Any CPU
		{0CCFC5C2-F797-4938-BEA4-4A7B09BBED8B}.Debug|Any CPU.Build.0 = Debug|Any CPU
		{0CCFC5C2-F797-4938-BEA4-4A7B09BBED8B}.Release|Any CPU.ActiveCfg = Release|Any CPU
		{0CCFC5C2-F797-4938-BEA4-4A7B09BBED8B}.Release|Any CPU.Build.0 = Release|Any CPU
	EndGlobalSection
	GlobalSection(SolutionProperties) = preSolution
		HideSolutionNode = FALSE
	EndGlobalSection
	GlobalSection(ExtensibilityGlobals) = postSolution
		SolutionGuid = {A55369C3-97D5-4CBB-8282-024349FCFAFE}
	EndGlobalSection
EndGlobal
